
Microsoft Visual Studio Solution File, Format Version 12.00
# Visual Studio Version 16
VisualStudioVersion = 16.0.30621.155
MinimumVisualStudioVersion = 10.0.40219.1
Project("{9A19103F-16F7-4668-BE54-9A1E7A4F7556}") = "DiscountCalculator.Console", "src\DiscountCalculator.Console\DiscountCalculator.Console.csproj", "{EAD3867E-4CE9-4348-BD3E-046D2D0FA8B2}"
EndProject
Project("{2150E333-8FDC-42A3-9474-1A3956D46DE8}") = "src", "src", "{B64B9B51-A795-4EA5-B36A-1F7D8B8B0359}"
EndProject
Project("{2150E333-8FDC-42A3-9474-1A3956D46DE8}") = "tests", "tests", "{EA1B0D7A-A02B-42B8-AD59-DF48FC2A4DC2}"
EndProject
Project("{FAE04EC0-301F-11D3-BF4B-00C04F79EFBC}") = "DiscountCalculator.Test", "tests\DiscountCalculator.Test\DiscountCalculator.Test.csproj", "{6940A6D0-A034-4534-843E-76E70D973CA8}"
EndProject
Project("{2150E333-8FDC-42A3-9474-1A3956D46DE8}") = "Solution Items", "Solution Items", "{FF17C44D-D2AC-4E5D-9659-1407F14BFD4B}"
	ProjectSection(SolutionItems) = preProject
		README.md = README.md
	EndProjectSection
EndProject
Project("{FAE04EC0-301F-11D3-BF4B-00C04F79EFBC}") = "DiscountCalculator.Application", "src\DiscountCalculator.Application\DiscountCalculator.Application.csproj", "{29D4861E-EA98-4809-BF1E-AFB8DA22420A}"
EndProject
Global
	GlobalSection(SolutionConfigurationPlatforms) = preSolution
		Debug|Any CPU = Debug|Any CPU
		Release|Any CPU = Release|Any CPU
	EndGlobalSection
	GlobalSection(ProjectConfigurationPlatforms) = postSolution
		{EAD3867E-4CE9-4348-BD3E-046D2D0FA8B2}.Debug|Any CPU.ActiveCfg = Debug|Any CPU
		{EAD3867E-4CE9-4348-BD3E-046D2D0FA8B2}.Debug|Any CPU.Build.0 = Debug|Any CPU
		{EAD3867E-4CE9-4348-BD3E-046D2D0FA8B2}.Release|Any CPU.ActiveCfg = Release|Any CPU
		{EAD3867E-4CE9-4348-BD3E-046D2D0FA8B2}.Release|Any CPU.Build.0 = Release|Any CPU
		{6940A6D0-A034-4534-843E-76E70D973CA8}.Debug|Any CPU.ActiveCfg = Debug|Any CPU
		{6940A6D0-A034-4534-843E-76E70D973CA8}.Debug|Any CPU.Build.0 = Debug|Any CPU
		{6940A6D0-A034-4534-843E-76E70D973CA8}.Release|Any CPU.ActiveCfg = Release|Any CPU
		{6940A6D0-A034-4534-843E-76E70D973CA8}.Release|Any CPU.Build.0 = Release|Any CPU
		{29D4861E-EA98-4809-BF1E-AFB8DA22420A}.Debug|Any CPU.ActiveCfg = Debug|Any CPU
		{29D4861E-EA98-4809-BF1E-AFB8DA22420A}.Debug|Any CPU.Build.0 = Debug|Any CPU
		{29D4861E-EA98-4809-BF1E-AFB8DA22420A}.Release|Any CPU.ActiveCfg = Release|Any CPU
		{29D4861E-EA98-4809-BF1E-AFB8DA22420A}.Release|Any CPU.Build.0 = Release|Any CPU
	EndGlobalSection
	GlobalSection(SolutionProperties) = preSolution
		HideSolutionNode = FALSE
	EndGlobalSection
	GlobalSection(NestedProjects) = preSolution
		{EAD3867E-4CE9-4348-BD3E-046D2D0FA8B2} = {B64B9B51-A795-4EA5-B36A-1F7D8B8B0359}
		{6940A6D0-A034-4534-843E-76E70D973CA8} = {EA1B0D7A-A02B-42B8-AD59-DF48FC2A4DC2}
		{29D4861E-EA98-4809-BF1E-AFB8DA22420A} = {B64B9B51-A795-4EA5-B36A-1F7D8B8B0359}
	EndGlobalSection
	GlobalSection(ExtensibilityGlobals) = postSolution
		SolutionGuid = {4D64E5FF-86FC-49A5-8E85-3C96777863C2}
	EndGlobalSection
EndGlobal
